
Microsoft Visual Studio Solution File, Format Version 12.00
# Visual Studio Version 16
VisualStudioVersion = 25.0.1700.0
MinimumVisualStudioVersion = 10.0.40219.1
Project("{FAE04EC0-301F-11D3-BF4B-00C04F79EFBC}") = "RoodBot.WebApi", "RoodBot.WebApi\RoodBot.WebApi.csproj", "{F1B52661-3CC2-4C54-A52D-A9DA6A55A77E}"
EndProject
Project("{FAE04EC0-301F-11D3-BF4B-00C04F79EFBC}") = "RoodBot.Data", "RoodBot.Data\RoodBot.Data.csproj", "{B3AB9768-6364-4B64-8603-4A53AFF11724}"
EndProject
Project("{FAE04EC0-301F-11D3-BF4B-00C04F79EFBC}") = "RoodBot.Common", "RoodBot.Common\RoodBot.Common.csproj", "{D4AED94F-C466-4B55-A9C0-AAA30AEA7323}"
EndProject
Global
	GlobalSection(SolutionConfigurationPlatforms) = preSolution
		Debug|Any CPU = Debug|Any CPU
		Release|Any CPU = Release|Any CPU
	EndGlobalSection
	GlobalSection(ProjectConfigurationPlatforms) = postSolution
		{F1B52661-3CC2-4C54-A52D-A9DA6A55A77E}.Debug|Any CPU.ActiveCfg = Debug|Any CPU
		{F1B52661-3CC2-4C54-A52D-A9DA6A55A77E}.Debug|Any CPU.Build.0 = Debug|Any CPU
		{F1B52661-3CC2-4C54-A52D-A9DA6A55A77E}.Release|Any CPU.ActiveCfg = Release|Any CPU
		{F1B52661-3CC2-4C54-A52D-A9DA6A55A77E}.Release|Any CPU.Build.0 = Release|Any CPU
		{B3AB9768-6364-4B64-8603-4A53AFF11724}.Debug|Any CPU.ActiveCfg = Debug|Any CPU
		{B3AB9768-6364-4B64-8603-4A53AFF11724}.Debug|Any CPU.Build.0 = Debug|Any CPU
		{B3AB9768-6364-4B64-8603-4A53AFF11724}.Release|Any CPU.ActiveCfg = Release|Any CPU
		{B3AB9768-6364-4B64-8603-4A53AFF11724}.Release|Any CPU.Build.0 = Release|Any CPU
		{D4AED94F-C466-4B55-A9C0-AAA30AEA7323}.Debug|Any CPU.ActiveCfg = Debug|Any CPU
		{D4AED94F-C466-4B55-A9C0-AAA30AEA7323}.Debug|Any CPU.Build.0 = Debug|Any CPU
		{D4AED94F-C466-4B55-A9C0-AAA30AEA7323}.Release|Any CPU.ActiveCfg = Release|Any CPU
		{D4AED94F-C466-4B55-A9C0-AAA30AEA7323}.Release|Any CPU.Build.0 = Release|Any CPU
	EndGlobalSection
	GlobalSection(SolutionProperties) = preSolution
		HideSolutionNode = FALSE
	EndGlobalSection
	GlobalSection(ExtensibilityGlobals) = postSolution
		SolutionGuid = {DD4CC534-83CD-452C-86E6-370973CE4AAF}
	EndGlobalSection
EndGlobal
